
Microsoft Visual Studio Solution File, Format Version 12.00
# Visual Studio Version 17
VisualStudioVersion = 17.4.33403.182
MinimumVisualStudioVersion = 10.0.40219.1
Project("{D954291E-2A0B-460D-934E-DC6B0785DB48}") = "Case.AppName.SharedProject", "Case.AppName.SharedProject.shproj", "{F36AB59E-0D72-43B8-9688-84C0DACA1C82}"
EndProject
Global
	GlobalSection(SolutionProperties) = preSolution
		HideSolutionNode = FALSE
	EndGlobalSection
	GlobalSection(ExtensibilityGlobals) = postSolution
		SolutionGuid = {597B17E0-2CCB-4ADA-987C-37DDD9FDB1D3}
	EndGlobalSection
	GlobalSection(SharedMSBuildProjectFiles) = preSolution
		Case.AppName.SharedProject.projitems*{f36ab59e-0d72-43b8-9688-84c0daca1c82}*SharedItemsImports = 13
	EndGlobalSection
EndGlobal
